
Microsoft Visual Studio Solution File, Format Version 12.00
# Visual Studio Version 17
VisualStudioVersion = 17.4.33205.214
MinimumVisualStudioVersion = 10.0.40219.1
Project("{FAE04EC0-301F-11D3-BF4B-00C04F79EFBC}") = "EFCore", "EFCore\EFCore.csproj", "{27AF59ED-C48F-47D7-89DB-A008E5EC8C7F}"
EndProject
Global
	GlobalSection(SolutionConfigurationPlatforms) = preSolution
		Debug|Any CPU = Debug|Any CPU
		Release|Any CPU = Release|Any CPU
	EndGlobalSection
	GlobalSection(ProjectConfigurationPlatforms) = postSolution
		{27AF59ED-C48F-47D7-89DB-A008E5EC8C7F}.Debug|Any CPU.ActiveCfg = Debug|Any CPU
		{27AF59ED-C48F-47D7-89DB-A008E5EC8C7F}.Debug|Any CPU.Build.0 = Debug|Any CPU
		{27AF59ED-C48F-47D7-89DB-A008E5EC8C7F}.Release|Any CPU.ActiveCfg = Release|Any CPU
		{27AF59ED-C48F-47D7-89DB-A008E5EC8C7F}.Release|Any CPU.Build.0 = Release|Any CPU
	EndGlobalSection
	GlobalSection(SolutionProperties) = preSolution
		HideSolutionNode = FALSE
	EndGlobalSection
	GlobalSection(ExtensibilityGlobals) = postSolution
		SolutionGuid = {B5D2D472-FCE9-4556-AF1E-C0B5A2773A1F}
	EndGlobalSection
EndGlobal
